// !$*UTF8*$!
{
	archiveVersion = 1;
	classes = {
	};
	objectVersion = 56;
	objects = {

/* Begin PBXBuildFile section */
		A10001 /* ScanView3DApp.swift in Sources */ = {isa = PBXBuildFile; fileRef = B10001; };
		A10002 /* ContentView.swift in Sources */ = {isa = PBXBuildFile; fileRef = B10002; };
		A10003 /* Project.swift in Sources */ = {isa = PBXBuildFile; fileRef = B10003; };
		A10004 /* Constants.swift in Sources */ = {isa = PBXBuildFile; fileRef = B10004; };
		A10005 /* Extensions.swift in Sources */ = {isa = PBXBuildFile; fileRef = B10005; };
		A10006 /* LiDARScanner.swift in Sources */ = {isa = PBXBuildFile; fileRef = B10006; };
		A10007 /* MeshProcessor.swift in Sources */ = {isa = PBXBuildFile; fileRef = B10007; };
		A10008 /* OBJExporter.swift in Sources */ = {isa = PBXBuildFile; fileRef = B10008; };
		A10009 /* StorageManager.swift in Sources */ = {isa = PBXBuildFile; fileRef = B10009; };
		A10010 /* ScannerView.swift in Sources */ = {isa = PBXBuildFile; fileRef = B10010; };
		A10011 /* ARScannerView.swift in Sources */ = {isa = PBXBuildFile; fileRef = B10011; };
		A10012 /* ModelViewerView.swift in Sources */ = {isa = PBXBuildFile; fileRef = B10012; };
		A10013 /* SceneKitView.swift in Sources */ = {isa = PBXBuildFile; fileRef = B10013; };
		A10014 /* ProjectListView.swift in Sources */ = {isa = PBXBuildFile; fileRef = B10014; };
		A10015 /* ProjectDetailView.swift in Sources */ = {isa = PBXBuildFile; fileRef = B10015; };
		A10016 /* SettingsView.swift in Sources */ = {isa = PBXBuildFile; fileRef = B10016; };
		A10017 /* Assets.xcassets in Resources */ = {isa = PBXBuildFile; fileRef = B10017; };
		A10018 /* MockLiDARScanner.swift in Sources */ = {isa = PBXBuildFile; fileRef = B10019; };
		A10020 /* AllScansView.swift in Sources */ = {isa = PBXBuildFile; fileRef = B10020; };
		A10021 /* DebugLogger.swift in Sources */ = {isa = PBXBuildFile; fileRef = B10021; };
		A10022 /* DebugLogView.swift in Sources */ = {isa = PBXBuildFile; fileRef = B10022; };
		A10023 /* TextureMapper.swift in Sources */ = {isa = PBXBuildFile; fileRef = B10023; };
		A10024 /* DepthFusion.swift in Sources */ = {isa = PBXBuildFile; fileRef = B10024; };
/* End PBXBuildFile section */

/* Begin PBXFileReference section */
		B10001 /* ScanView3DApp.swift */ = {isa = PBXFileReference; lastKnownFileType = sourcecode.swift; path = ScanView3DApp.swift; sourceTree = "<group>"; };
		B10002 /* ContentView.swift */ = {isa = PBXFileReference; lastKnownFileType = sourcecode.swift; path = ContentView.swift; sourceTree = "<group>"; };
		B10003 /* Project.swift */ = {isa = PBXFileReference; lastKnownFileType = sourcecode.swift; path = Project.swift; sourceTree = "<group>"; };
		B10004 /* Constants.swift */ = {isa = PBXFileReference; lastKnownFileType = sourcecode.swift; path = Constants.swift; sourceTree = "<group>"; };
		B10005 /* Extensions.swift */ = {isa = PBXFileReference; lastKnownFileType = sourcecode.swift; path = Extensions.swift; sourceTree = "<group>"; };
		B10006 /* LiDARScanner.swift */ = {isa = PBXFileReference; lastKnownFileType = sourcecode.swift; path = LiDARScanner.swift; sourceTree = "<group>"; };
		B10007 /* MeshProcessor.swift */ = {isa = PBXFileReference; lastKnownFileType = sourcecode.swift; path = MeshProcessor.swift; sourceTree = "<group>"; };
		B10008 /* OBJExporter.swift */ = {isa = PBXFileReference; lastKnownFileType = sourcecode.swift; path = OBJExporter.swift; sourceTree = "<group>"; };
		B10009 /* StorageManager.swift */ = {isa = PBXFileReference; lastKnownFileType = sourcecode.swift; path = StorageManager.swift; sourceTree = "<group>"; };
		B10010 /* ScannerView.swift */ = {isa = PBXFileReference; lastKnownFileType = sourcecode.swift; path = ScannerView.swift; sourceTree = "<group>"; };
		B10011 /* ARScannerView.swift */ = {isa = PBXFileReference; lastKnownFileType = sourcecode.swift; path = ARScannerView.swift; sourceTree = "<group>"; };
		B10012 /* ModelViewerView.swift */ = {isa = PBXFileReference; lastKnownFileType = sourcecode.swift; path = ModelViewerView.swift; sourceTree = "<group>"; };
		B10013 /* SceneKitView.swift */ = {isa = PBXFileReference; lastKnownFileType = sourcecode.swift; path = SceneKitView.swift; sourceTree = "<group>"; };
		B10014 /* ProjectListView.swift */ = {isa = PBXFileReference; lastKnownFileType = sourcecode.swift; path = ProjectListView.swift; sourceTree = "<group>"; };
		B10015 /* ProjectDetailView.swift */ = {isa = PBXFileReference; lastKnownFileType = sourcecode.swift; path = ProjectDetailView.swift; sourceTree = "<group>"; };
		B10016 /* SettingsView.swift */ = {isa = PBXFileReference; lastKnownFileType = sourcecode.swift; path = SettingsView.swift; sourceTree = "<group>"; };
		B10017 /* Assets.xcassets */ = {isa = PBXFileReference; lastKnownFileType = folder.assetcatalog; path = Assets.xcassets; sourceTree = "<group>"; };
		B10018 /* Info.plist */ = {isa = PBXFileReference; lastKnownFileType = text.plist.xml; path = Info.plist; sourceTree = "<group>"; };
		B10019 /* MockLiDARScanner.swift */ = {isa = PBXFileReference; lastKnownFileType = sourcecode.swift; path = MockLiDARScanner.swift; sourceTree = "<group>"; };
		B10020 /* AllScansView.swift */ = {isa = PBXFileReference; lastKnownFileType = sourcecode.swift; path = AllScansView.swift; sourceTree = "<group>"; };
		B10021 /* DebugLogger.swift */ = {isa = PBXFileReference; lastKnownFileType = sourcecode.swift; path = DebugLogger.swift; sourceTree = "<group>"; };
		B10022 /* DebugLogView.swift */ = {isa = PBXFileReference; lastKnownFileType = sourcecode.swift; path = DebugLogView.swift; sourceTree = "<group>"; };
		B10023 /* TextureMapper.swift */ = {isa = PBXFileReference; lastKnownFileType = sourcecode.swift; path = TextureMapper.swift; sourceTree = "<group>"; };
		B10024 /* DepthFusion.swift */ = {isa = PBXFileReference; lastKnownFileType = sourcecode.swift; path = DepthFusion.swift; sourceTree = "<group>"; };
		D10001 /* ScanView3D.app */ = {isa = PBXFileReference; explicitFileType = wrapper.application; includeInIndex = 0; path = ScanView3D.app; sourceTree = BUILT_PRODUCTS_DIR; };
/* End PBXFileReference section */

/* Begin PBXFrameworksBuildPhase section */
		E10001 /* Frameworks */ = {
			isa = PBXFrameworksBuildPhase;
			buildActionMask = 2147483647;
			files = (
			);
			runOnlyForDeploymentPostprocessing = 0;
		};
/* End PBXFrameworksBuildPhase section */

/* Begin PBXGroup section */
		G10001 = {
			isa = PBXGroup;
			children = (
				G10002 /* ScanView3D */,
				G10010 /* Products */,
			);
			sourceTree = "<group>";
		};
		G10002 /* ScanView3D */ = {
			isa = PBXGroup;
			children = (
				B10001 /* ScanView3DApp.swift */,
				B10002 /* ContentView.swift */,
				B10018 /* Info.plist */,
				B10017 /* Assets.xcassets */,
				G10003 /* Models */,
				G10004 /* Views */,
				G10008 /* Services */,
				G10009 /* Utilities */,
			);
			path = ScanView3D;
			sourceTree = "<group>";
		};
		G10003 /* Models */ = {
			isa = PBXGroup;
			children = (
				B10003 /* Project.swift */,
			);
			path = Models;
			sourceTree = "<group>";
		};
		G10004 /* Views */ = {
			isa = PBXGroup;
			children = (
				G10005 /* Scanner */,
				G10006 /* Viewer */,
				G10007 /* Projects */,
				G10011 /* Shared */,
			);
			path = Views;
			sourceTree = "<group>";
		};
		G10005 /* Scanner */ = {
			isa = PBXGroup;
			children = (
				B10010 /* ScannerView.swift */,
				B10011 /* ARScannerView.swift */,
			);
			path = Scanner;
			sourceTree = "<group>";
		};
		G10006 /* Viewer */ = {
			isa = PBXGroup;
			children = (
				B10012 /* ModelViewerView.swift */,
				B10013 /* SceneKitView.swift */,
				B10020 /* AllScansView.swift */,
			);
			path = Viewer;
			sourceTree = "<group>";
		};
		G10007 /* Projects */ = {
			isa = PBXGroup;
			children = (
				B10014 /* ProjectListView.swift */,
				B10015 /* ProjectDetailView.swift */,
			);
			path = Projects;
			sourceTree = "<group>";
		};
		G10008 /* Services */ = {
			isa = PBXGroup;
			children = (
				B10006 /* LiDARScanner.swift */,
				B10019 /* MockLiDARScanner.swift */,
				B10007 /* MeshProcessor.swift */,
				B10008 /* OBJExporter.swift */,
				B10009 /* StorageManager.swift */,
				B10023 /* TextureMapper.swift */,
				B10024 /* DepthFusion.swift */,
			);
			path = Services;
			sourceTree = "<group>";
		};
		G10009 /* Utilities */ = {
			isa = PBXGroup;
			children = (
				B10004 /* Constants.swift */,
				B10005 /* Extensions.swift */,
				B10021 /* DebugLogger.swift */,
			);
			path = Utilities;
			sourceTree = "<group>";
		};
		G10010 /* Products */ = {
			isa = PBXGroup;
			children = (
				D10001 /* ScanView3D.app */,
			);
			name = Products;
			sourceTree = "<group>";
		};
		G10011 /* Shared */ = {
			isa = PBXGroup;
			children = (
				B10016 /* SettingsView.swift */,
				B10022 /* DebugLogView.swift */,
			);
			path = Shared;
			sourceTree = "<group>";
		};
/* End PBXGroup section */

/* Begin PBXNativeTarget section */
		T10001 /* ScanView3D */ = {
			isa = PBXNativeTarget;
			buildConfigurationList = C10003;
			buildPhases = (
				S10001 /* Sources */,
				E10001 /* Frameworks */,
				R10001 /* Resources */,
			);
			buildRules = (
			);
			dependencies = (
			);
			name = ScanView3D;
			productName = ScanView3D;
			productReference = D10001 /* ScanView3D.app */;
			productType = "com.apple.product-type.application";
		};
/* End PBXNativeTarget section */

/* Begin PBXProject section */
		P10001 /* Project object */ = {
			isa = PBXProject;
			attributes = {
				BuildIndependentTargetsInParallel = 1;
				LastSwiftUpdateCheck = 1520;
				LastUpgradeCheck = 1520;
				TargetAttributes = {
					T10001 = {
						CreatedOnToolsVersion = 15.2;
					};
				};
			};
			buildConfigurationList = C10001;
			compatibilityVersion = "Xcode 14.0";
			developmentRegion = en;
			hasScannedForEncodings = 0;
			knownRegions = (
				en,
				Base,
			);
			mainGroup = G10001;
			productRefGroup = G10010 /* Products */;
			projectDirPath = "";
			projectRoot = "";
			targets = (
				T10001 /* ScanView3D */,
			);
		};
/* End PBXProject section */

/* Begin PBXResourcesBuildPhase section */
		R10001 /* Resources */ = {
			isa = PBXResourcesBuildPhase;
			buildActionMask = 2147483647;
			files = (
				A10017 /* Assets.xcassets in Resources */,
			);
			runOnlyForDeploymentPostprocessing = 0;
		};
/* End PBXResourcesBuildPhase section */

/* Begin PBXSourcesBuildPhase section */
		S10001 /* Sources */ = {
			isa = PBXSourcesBuildPhase;
			buildActionMask = 2147483647;
			files = (
				A10001 /* ScanView3DApp.swift in Sources */,
				A10002 /* ContentView.swift in Sources */,
				A10003 /* Project.swift in Sources */,
				A10004 /* Constants.swift in Sources */,
				A10005 /* Extensions.swift in Sources */,
				A10006 /* LiDARScanner.swift in Sources */,
				A10007 /* MeshProcessor.swift in Sources */,
				A10008 /* OBJExporter.swift in Sources */,
				A10009 /* StorageManager.swift in Sources */,
				A10010 /* ScannerView.swift in Sources */,
				A10011 /* ARScannerView.swift in Sources */,
				A10012 /* ModelViewerView.swift in Sources */,
				A10013 /* SceneKitView.swift in Sources */,
				A10014 /* ProjectListView.swift in Sources */,
				A10015 /* ProjectDetailView.swift in Sources */,
				A10016 /* SettingsView.swift in Sources */,
				A10018 /* MockLiDARScanner.swift in Sources */,
				A10020 /* AllScansView.swift in Sources */,
			A10021 /* DebugLogger.swift in Sources */,
			A10022 /* DebugLogView.swift in Sources */,
			A10023 /* TextureMapper.swift in Sources */,
			A10024 /* DepthFusion.swift in Sources */,
			);
			runOnlyForDeploymentPostprocessing = 0;
		};
/* End PBXSourcesBuildPhase section */

/* Begin XCBuildConfiguration section */
		C10D01 /* Debug */ = {
			isa = XCBuildConfiguration;
			buildSettings = {
				ALWAYS_SEARCH_USER_PATHS = NO;
				ASSETCATALOG_COMPILER_GENERATE_SWIFT_ASSET_SYMBOL_EXTENSIONS = YES;
				CLANG_ANALYZER_NONNULL = YES;
				CLANG_ANALYZER_NUMBER_OBJECT_CONVERSION = YES_AGGRESSIVE;
				CLANG_CXX_LANGUAGE_STANDARD = "gnu++20";
				CLANG_ENABLE_MODULES = YES;
				CLANG_ENABLE_OBJC_ARC = YES;
				CLANG_ENABLE_OBJC_WEAK = YES;
				CLANG_WARN_BLOCK_CAPTURE_AUTORELEASING = YES;
				CLANG_WARN_BOOL_CONVERSION = YES;
				CLANG_WARN_COMMA = YES;
				CLANG_WARN_CONSTANT_CONVERSION = YES;
				CLANG_WARN_DEPRECATED_OBJC_IMPLEMENTATIONS = YES;
				CLANG_WARN_DIRECT_OBJC_ISA_USAGE = YES_ERROR;
				CLANG_WARN_DOCUMENTATION_COMMENTS = YES;
				CLANG_WARN_EMPTY_BODY = YES;
				CLANG_WARN_ENUM_CONVERSION = YES;
				CLANG_WARN_INFINITE_RECURSION = YES;
				CLANG_WARN_INT_CONVERSION = YES;
				CLANG_WARN_NON_LITERAL_NULL_CONVERSION = YES;
				CLANG_WARN_OBJC_IMPLICIT_RETAIN_SELF = YES;
				CLANG_WARN_OBJC_LITERAL_CONVERSION = YES;
				CLANG_WARN_OBJC_ROOT_CLASS = YES_ERROR;
				CLANG_WARN_QUOTED_INCLUDE_IN_FRAMEWORK_HEADER = YES;
				CLANG_WARN_RANGE_LOOP_ANALYSIS = YES;
				CLANG_WARN_STRICT_PROTOTYPES = YES;
				CLANG_WARN_SUSPICIOUS_MOVE = YES;
				CLANG_WARN_UNGUARDED_AVAILABILITY = YES_AGGRESSIVE;
				CLANG_WARN_UNREACHABLE_CODE = YES;
				CLANG_WARN__DUPLICATE_METHOD_MATCH = YES;
				COPY_PHASE_STRIP = NO;
				DEBUG_INFORMATION_FORMAT = dwarf;
				ENABLE_STRICT_OBJC_MSGSEND = YES;
				ENABLE_TESTABILITY = YES;
				ENABLE_USER_SCRIPT_SANDBOXING = YES;
				GCC_C_LANGUAGE_STANDARD = gnu17;
				GCC_DYNAMIC_NO_PIC = NO;
				GCC_NO_COMMON_BLOCKS = YES;
				GCC_OPTIMIZATION_LEVEL = 0;
				GCC_PREPROCESSOR_DEFINITIONS = (
					"DEBUG=1",
					"$(inherited)",
				);
				GCC_WARN_64_TO_32_BIT_CONVERSION = YES;
				GCC_WARN_ABOUT_RETURN_TYPE = YES_ERROR;
				GCC_WARN_UNDECLARED_SELECTOR = YES;
				GCC_WARN_UNINITIALIZED_AUTOS = YES_AGGRESSIVE;
				GCC_WARN_UNUSED_FUNCTION = YES;
				GCC_WARN_UNUSED_VARIABLE = YES;
				IPHONEOS_DEPLOYMENT_TARGET = 17.0;
				LOCALIZATION_PREFERS_STRING_CATALOGS = YES;
				MTL_ENABLE_DEBUG_INFO = INCLUDE_SOURCE;
				MTL_FAST_MATH = YES;
				ONLY_ACTIVE_ARCH = YES;
				SDKROOT = iphoneos;
				SWIFT_ACTIVE_COMPILATION_CONDITIONS = "$(inherited) DEBUG";
				SWIFT_OPTIMIZATION_LEVEL = "-Onone";
			};
			name = Debug;
		};
		C10R01 /* Release */ = {
			isa = XCBuildConfiguration;
			buildSettings = {
				ALWAYS_SEARCH_USER_PATHS = NO;
				ASSETCATALOG_COMPILER_GENERATE_SWIFT_ASSET_SYMBOL_EXTENSIONS = YES;
				CLANG_ANALYZER_NONNULL = YES;
				CLANG_ANALYZER_NUMBER_OBJECT_CONVERSION = YES_AGGRESSIVE;
				CLANG_CXX_LANGUAGE_STANDARD = "gnu++20";
				CLANG_ENABLE_MODULES = YES;
				CLANG_ENABLE_OBJC_ARC = YES;
				CLANG_ENABLE_OBJC_WEAK = YES;
				CLANG_WARN_BLOCK_CAPTURE_AUTORELEASING = YES;
				CLANG_WARN_BOOL_CONVERSION = YES;
				CLANG_WARN_COMMA = YES;
				CLANG_WARN_CONSTANT_CONVERSION = YES;
				CLANG_WARN_DEPRECATED_OBJC_IMPLEMENTATIONS = YES;
				CLANG_WARN_DIRECT_OBJC_ISA_USAGE = YES_ERROR;
				CLANG_WARN_DOCUMENTATION_COMMENTS = YES;
				CLANG_WARN_EMPTY_BODY = YES;
				CLANG_WARN_ENUM_CONVERSION = YES;
				CLANG_WARN_INFINITE_RECURSION = YES;
				CLANG_WARN_INT_CONVERSION = YES;
				CLANG_WARN_NON_LITERAL_NULL_CONVERSION = YES;
				CLANG_WARN_OBJC_IMPLICIT_RETAIN_SELF = YES;
				CLANG_WARN_OBJC_LITERAL_CONVERSION = YES;
				CLANG_WARN_OBJC_ROOT_CLASS = YES_ERROR;
				CLANG_WARN_QUOTED_INCLUDE_IN_FRAMEWORK_HEADER = YES;
				CLANG_WARN_RANGE_LOOP_ANALYSIS = YES;
				CLANG_WARN_STRICT_PROTOTYPES = YES;
				CLANG_WARN_SUSPICIOUS_MOVE = YES;
				CLANG_WARN_UNGUARDED_AVAILABILITY = YES_AGGRESSIVE;
				CLANG_WARN_UNREACHABLE_CODE = YES;
				CLANG_WARN__DUPLICATE_METHOD_MATCH = YES;
				COPY_PHASE_STRIP = NO;
				DEBUG_INFORMATION_FORMAT = "dwarf-with-dsym";
				ENABLE_NS_ASSERTIONS = NO;
				ENABLE_STRICT_OBJC_MSGSEND = YES;
				ENABLE_USER_SCRIPT_SANDBOXING = YES;
				GCC_C_LANGUAGE_STANDARD = gnu17;
				GCC_NO_COMMON_BLOCKS = YES;
				GCC_WARN_64_TO_32_BIT_CONVERSION = YES;
				GCC_WARN_ABOUT_RETURN_TYPE = YES_ERROR;
				GCC_WARN_UNDECLARED_SELECTOR = YES;
				GCC_WARN_UNINITIALIZED_AUTOS = YES_AGGRESSIVE;
				GCC_WARN_UNUSED_FUNCTION = YES;
				GCC_WARN_UNUSED_VARIABLE = YES;
				IPHONEOS_DEPLOYMENT_TARGET = 17.0;
				LOCALIZATION_PREFERS_STRING_CATALOGS = YES;
				MTL_ENABLE_DEBUG_INFO = NO;
				MTL_FAST_MATH = YES;
				SDKROOT = iphoneos;
				SWIFT_COMPILATION_MODE = wholemodule;
				VALIDATE_PRODUCT = YES;
			};
			name = Release;
		};
		C10D02 /* Debug */ = {
			isa = XCBuildConfiguration;
			buildSettings = {
				ASSETCATALOG_COMPILER_APPICON_NAME = AppIcon;
				ASSETCATALOG_COMPILER_GLOBAL_ACCENT_COLOR_NAME = AccentColor;
				CODE_SIGN_IDENTITY = "Apple Distribution";
				CODE_SIGN_STYLE = Manual;
				CURRENT_PROJECT_VERSION = 1;
				DEVELOPMENT_TEAM = 2K36RTR522;
				GENERATE_INFOPLIST_FILE = NO;
				INFOPLIST_FILE = ScanView3D/Info.plist;
				INFOPLIST_KEY_CFBundleDisplayName = "ScanView 3D";
				INFOPLIST_KEY_LSApplicationCategoryType = "public.app-category.utilities";
				INFOPLIST_KEY_UIApplicationSceneManifest_Generation = YES;
				INFOPLIST_KEY_UIApplicationSupportsIndirectInputEvents = YES;
				INFOPLIST_KEY_UILaunchScreen_Generation = YES;
				INFOPLIST_KEY_UISupportedInterfaceOrientations_iPad = "UIInterfaceOrientationPortrait UIInterfaceOrientationPortraitUpsideDown UIInterfaceOrientationLandscapeLeft UIInterfaceOrientationLandscapeRight";
				INFOPLIST_KEY_UISupportedInterfaceOrientations_iPhone = "UIInterfaceOrientationPortrait UIInterfaceOrientationLandscapeLeft UIInterfaceOrientationLandscapeRight";
				LD_RUNPATH_SEARCH_PATHS = (
					"$(inherited)",
					"@executable_path/Frameworks",
				);
				MARKETING_VERSION = 1.0.0;
				PRODUCT_BUNDLE_IDENTIFIER = com.michael.scanview3d;
				PRODUCT_NAME = "$(TARGET_NAME)";
				PROVISIONING_PROFILE_SPECIFIER = "ScanView3D AppStore";
				SUPPORTED_PLATFORMS = iphoneos;
				SUPPORTS_MACCATALYST = NO;
				SWIFT_EMIT_LOC_STRINGS = YES;
				SWIFT_VERSION = 5.0;
				TARGETED_DEVICE_FAMILY = "1,2";
			};
			name = Debug;
		};
		C10R02 /* Release */ = {
			isa = XCBuildConfiguration;
			buildSettings = {
				ASSETCATALOG_COMPILER_APPICON_NAME = AppIcon;
				ASSETCATALOG_COMPILER_GLOBAL_ACCENT_COLOR_NAME = AccentColor;
				CODE_SIGN_IDENTITY = "Apple Distribution";
				CODE_SIGN_STYLE = Manual;
				CURRENT_PROJECT_VERSION = 1;
				DEVELOPMENT_TEAM = 2K36RTR522;
				GENERATE_INFOPLIST_FILE = NO;
				INFOPLIST_FILE = ScanView3D/Info.plist;
				INFOPLIST_KEY_CFBundleDisplayName = "ScanView 3D";
				INFOPLIST_KEY_LSApplicationCategoryType = "public.app-category.utilities";
				INFOPLIST_KEY_UIApplicationSceneManifest_Generation = YES;
				INFOPLIST_KEY_UIApplicationSupportsIndirectInputEvents = YES;
				INFOPLIST_KEY_UILaunchScreen_Generation = YES;
				INFOPLIST_KEY_UISupportedInterfaceOrientations_iPad = "UIInterfaceOrientationPortrait UIInterfaceOrientationPortraitUpsideDown UIInterfaceOrientationLandscapeLeft UIInterfaceOrientationLandscapeRight";
				INFOPLIST_KEY_UISupportedInterfaceOrientations_iPhone = "UIInterfaceOrientationPortrait UIInterfaceOrientationLandscapeLeft UIInterfaceOrientationLandscapeRight";
				LD_RUNPATH_SEARCH_PATHS = (
					"$(inherited)",
					"@executable_path/Frameworks",
				);
				MARKETING_VERSION = 1.0.0;
				PRODUCT_BUNDLE_IDENTIFIER = com.michael.scanview3d;
				PRODUCT_NAME = "$(TARGET_NAME)";
				PROVISIONING_PROFILE_SPECIFIER = "ScanView3D AppStore";
				SUPPORTED_PLATFORMS = iphoneos;
				SUPPORTS_MACCATALYST = NO;
				SWIFT_EMIT_LOC_STRINGS = YES;
				SWIFT_VERSION = 5.0;
				TARGETED_DEVICE_FAMILY = "1,2";
			};
			name = Release;
		};
/* End XCBuildConfiguration section */

/* Begin XCConfigurationList section */
		C10001 /* Build configuration list for PBXProject "ScanView3D" */ = {
			isa = XCConfigurationList;
			buildConfigurations = (
				C10D01 /* Debug */,
				C10R01 /* Release */,
			);
			defaultConfigurationIsVisible = 0;
			defaultConfigurationName = Release;
		};
		C10003 /* Build configuration list for PBXNativeTarget "ScanView3D" */ = {
			isa = XCConfigurationList;
			buildConfigurations = (
				C10D02 /* Debug */,
				C10R02 /* Release */,
			);
			defaultConfigurationIsVisible = 0;
			defaultConfigurationName = Release;
		};
/* End XCConfigurationList section */

	};
	rootObject = P10001 /* Project object */;
}
